
Microsoft Visual Studio Solution File, Format Version 12.00
# Visual Studio 2013
VisualStudioVersion = 12.0.31101.0
MinimumVisualStudioVersion = 10.0.40219.1
Project("{FAE04EC0-301F-11D3-BF4B-00C04F79EFBC}") = "GraduationProject", "GraduationProject\GraduationProject.csproj", "{871C93E8-7408-47CC-B415-A49E957DD499}"
EndProject
Project("{FAE04EC0-301F-11D3-BF4B-00C04F79EFBC}") = "DHD.ENTITY", "DHD.ENTITY\DHD.ENTITY.csproj", "{FF66DD19-D897-40F3-A1F7-210C461D678D}"
EndProject
Project("{FAE04EC0-301F-11D3-BF4B-00C04F79EFBC}") = "DHD.DAL", "DHD.DAL\DHD.DAL.csproj", "{23BC5DDC-E953-473C-849D-E3C8CA1EC115}"
EndProject
Project("{FAE04EC0-301F-11D3-BF4B-00C04F79EFBC}") = "DHD.BLL", "DHD.BLL\DHD.BLL.csproj", "{DAFEF10A-567E-4C46-AAEA-3F5E77EC35D0}"
EndProject
Global
	GlobalSection(SolutionConfigurationPlatforms) = preSolution
		Debug|Any CPU = Debug|Any CPU
		Release|Any CPU = Release|Any CPU
	EndGlobalSection
	GlobalSection(ProjectConfigurationPlatforms) = postSolution
		{871C93E8-7408-47CC-B415-A49E957DD499}.Debug|Any CPU.ActiveCfg = Debug|Any CPU
		{871C93E8-7408-47CC-B415-A49E957DD499}.Debug|Any CPU.Build.0 = Debug|Any CPU
		{871C93E8-7408-47CC-B415-A49E957DD499}.Release|Any CPU.ActiveCfg = Release|Any CPU
		{871C93E8-7408-47CC-B415-A49E957DD499}.Release|Any CPU.Build.0 = Release|Any CPU
		{FF66DD19-D897-40F3-A1F7-210C461D678D}.Debug|Any CPU.ActiveCfg = Debug|Any CPU
		{FF66DD19-D897-40F3-A1F7-210C461D678D}.Debug|Any CPU.Build.0 = Debug|Any CPU
		{FF66DD19-D897-40F3-A1F7-210C461D678D}.Release|Any CPU.ActiveCfg = Release|Any CPU
		{FF66DD19-D897-40F3-A1F7-210C461D678D}.Release|Any CPU.Build.0 = Release|Any CPU
		{23BC5DDC-E953-473C-849D-E3C8CA1EC115}.Debug|Any CPU.ActiveCfg = Debug|Any CPU
		{23BC5DDC-E953-473C-849D-E3C8CA1EC115}.Debug|Any CPU.Build.0 = Debug|Any CPU
		{23BC5DDC-E953-473C-849D-E3C8CA1EC115}.Release|Any CPU.ActiveCfg = Release|Any CPU
		{23BC5DDC-E953-473C-849D-E3C8CA1EC115}.Release|Any CPU.Build.0 = Release|Any CPU
		{DAFEF10A-567E-4C46-AAEA-3F5E77EC35D0}.Debug|Any CPU.ActiveCfg = Debug|Any CPU
		{DAFEF10A-567E-4C46-AAEA-3F5E77EC35D0}.Debug|Any CPU.Build.0 = Debug|Any CPU
		{DAFEF10A-567E-4C46-AAEA-3F5E77EC35D0}.Release|Any CPU.ActiveCfg = Release|Any CPU
		{DAFEF10A-567E-4C46-AAEA-3F5E77EC35D0}.Release|Any CPU.Build.0 = Release|Any CPU
	EndGlobalSection
	GlobalSection(SolutionProperties) = preSolution
		HideSolutionNode = FALSE
	EndGlobalSection
EndGlobal
